
Microsoft Visual Studio Solution File, Format Version 12.00
# Visual Studio Version 16
VisualStudioVersion = 16.0.32901.82
MinimumVisualStudioVersion = 10.0.40219.1
Project("{FAE04EC0-301F-11D3-BF4B-00C04F79EFBC}") = "WindowsFormsApp2", "WindowsFormsApp2\WindowsFormsApp2.csproj", "{F6C2717E-C119-417B-987A-686287E8A759}"
EndProject
Global
	GlobalSection(SolutionConfigurationPlatforms) = preSolution
		Debug|Any CPU = Debug|Any CPU
		Release|Any CPU = Release|Any CPU
	EndGlobalSection
	GlobalSection(ProjectConfigurationPlatforms) = postSolution
		{F6C2717E-C119-417B-987A-686287E8A759}.Debug|Any CPU.ActiveCfg = Debug|Any CPU
		{F6C2717E-C119-417B-987A-686287E8A759}.Debug|Any CPU.Build.0 = Debug|Any CPU
		{F6C2717E-C119-417B-987A-686287E8A759}.Release|Any CPU.ActiveCfg = Release|Any CPU
		{F6C2717E-C119-417B-987A-686287E8A759}.Release|Any CPU.Build.0 = Release|Any CPU
	EndGlobalSection
	GlobalSection(SolutionProperties) = preSolution
		HideSolutionNode = FALSE
	EndGlobalSection
	GlobalSection(ExtensibilityGlobals) = postSolution
		SolutionGuid = {066CA6B7-60F4-45CA-9F11-BA6E1A1AF7E8}
	EndGlobalSection
EndGlobal
